
Microsoft Visual Studio Solution File, Format Version 12.00
# Visual Studio Version 17
VisualStudioVersion = 17.12.35707.178
MinimumVisualStudioVersion = 10.0.40219.1
Project("{FAE04EC0-301F-11D3-BF4B-00C04F79EFBC}") = "TaskManagementApplication", "TaskManagementApplication\TaskManagementApplication.csproj", "{1EB78333-17AE-4A60-9333-D0AA0FCD9D8F}"
EndProject
Project("{FAE04EC0-301F-11D3-BF4B-00C04F79EFBC}") = "TaskManagement.core", "TaskManagement.core\TaskManagement.core.csproj", "{E74DA463-8CB9-4045-8FC4-FD1986650537}"
EndProject
Project("{FAE04EC0-301F-11D3-BF4B-00C04F79EFBC}") = "TaskManagement.Tests", "TaskManagement.Test\TaskManagement.Tests.csproj", "{942CFC14-33BC-46CE-99F6-D9374314E812}"
EndProject
Project("{FAE04EC0-301F-11D3-BF4B-00C04F79EFBC}") = "TaskManegement.Api", "TaskManegement.Api\TaskManegement.Api.csproj", "{6ABB8B41-73CD-4204-A87A-9CC4E5755067}"
EndProject
Project("{2150E333-8FDC-42A3-9474-1A3956D46DE8}") = "Solution Items", "Solution Items", "{60A94DEB-8C45-4C1E-9B72-9E02B94CB954}"
	ProjectSection(SolutionItems) = preProject
		ReadMe.txt = ReadMe.txt
	EndProjectSection
EndProject
Global
	GlobalSection(SolutionConfigurationPlatforms) = preSolution
		Debug|Any CPU = Debug|Any CPU
		Release|Any CPU = Release|Any CPU
	EndGlobalSection
	GlobalSection(ProjectConfigurationPlatforms) = postSolution
		{1EB78333-17AE-4A60-9333-D0AA0FCD9D8F}.Debug|Any CPU.ActiveCfg = Debug|Any CPU
		{1EB78333-17AE-4A60-9333-D0AA0FCD9D8F}.Debug|Any CPU.Build.0 = Debug|Any CPU
		{1EB78333-17AE-4A60-9333-D0AA0FCD9D8F}.Release|Any CPU.ActiveCfg = Release|Any CPU
		{1EB78333-17AE-4A60-9333-D0AA0FCD9D8F}.Release|Any CPU.Build.0 = Release|Any CPU
		{E74DA463-8CB9-4045-8FC4-FD1986650537}.Debug|Any CPU.ActiveCfg = Debug|Any CPU
		{E74DA463-8CB9-4045-8FC4-FD1986650537}.Debug|Any CPU.Build.0 = Debug|Any CPU
		{E74DA463-8CB9-4045-8FC4-FD1986650537}.Release|Any CPU.ActiveCfg = Release|Any CPU
		{E74DA463-8CB9-4045-8FC4-FD1986650537}.Release|Any CPU.Build.0 = Release|Any CPU
		{942CFC14-33BC-46CE-99F6-D9374314E812}.Debug|Any CPU.ActiveCfg = Debug|Any CPU
		{942CFC14-33BC-46CE-99F6-D9374314E812}.Debug|Any CPU.Build.0 = Debug|Any CPU
		{942CFC14-33BC-46CE-99F6-D9374314E812}.Release|Any CPU.ActiveCfg = Release|Any CPU
		{942CFC14-33BC-46CE-99F6-D9374314E812}.Release|Any CPU.Build.0 = Release|Any CPU
		{6ABB8B41-73CD-4204-A87A-9CC4E5755067}.Debug|Any CPU.ActiveCfg = Debug|Any CPU
		{6ABB8B41-73CD-4204-A87A-9CC4E5755067}.Debug|Any CPU.Build.0 = Debug|Any CPU
		{6ABB8B41-73CD-4204-A87A-9CC4E5755067}.Release|Any CPU.ActiveCfg = Release|Any CPU
		{6ABB8B41-73CD-4204-A87A-9CC4E5755067}.Release|Any CPU.Build.0 = Release|Any CPU
	EndGlobalSection
	GlobalSection(SolutionProperties) = preSolution
		HideSolutionNode = FALSE
	EndGlobalSection
EndGlobal
